
Microsoft Visual Studio Solution File, Format Version 12.00
# Visual Studio Version 18
VisualStudioVersion = 18.4.11513.90 insiders
MinimumVisualStudioVersion = 10.0.40219.1
Project("{FAE04EC0-301F-11D3-BF4B-00C04F79EFBC}") = "PlantsCatalog", "PlantsCatalog.csproj", "{9066D5E5-5392-74E8-85AA-6F0DEEB856E3}"
EndProject
Global
	GlobalSection(SolutionConfigurationPlatforms) = preSolution
		Debug|Any CPU = Debug|Any CPU
		Release|Any CPU = Release|Any CPU
	EndGlobalSection
	GlobalSection(ProjectConfigurationPlatforms) = postSolution
		{9066D5E5-5392-74E8-85AA-6F0DEEB856E3}.Debug|Any CPU.ActiveCfg = Debug|Any CPU
		{9066D5E5-5392-74E8-85AA-6F0DEEB856E3}.Debug|Any CPU.Build.0 = Debug|Any CPU
		{9066D5E5-5392-74E8-85AA-6F0DEEB856E3}.Release|Any CPU.ActiveCfg = Release|Any CPU
		{9066D5E5-5392-74E8-85AA-6F0DEEB856E3}.Release|Any CPU.Build.0 = Release|Any CPU
	EndGlobalSection
	GlobalSection(SolutionProperties) = preSolution
		HideSolutionNode = FALSE
	EndGlobalSection
	GlobalSection(ExtensibilityGlobals) = postSolution
		SolutionGuid = {6DB7AC88-6F33-4C73-A76D-6A9A5CFF51C4}
	EndGlobalSection
EndGlobal
